{
    "name": "app",
    "lockfileVersion": 3,
    "requires": true,
    "packages": {
        "": {
            "dependencies": {
                "grep1": "0.0.5"
            }
        },
        "node_modules/grep1": {
            "version": "0.0.5",
            "resolved": "https://registry.npmjs.org/grep1/-/grep1-0.0.5.tgz",
            "integrity": "sha512-Elj9n9umHKM/MukpgCkKkFhxWArffDPsB+zYPN3NKrky2b5Ih8p+Jmzb7F48wjtKRUbDrmEcJQeGaHsa+bo+2w=="
        }
    }
}
